
Microsoft Visual Studio Solution File, Format Version 12.00
# Visual Studio 14
VisualStudioVersion = 14.0.25420.1
MinimumVisualStudioVersion = 10.0.40219.1
Project("{FAE04EC0-301F-11D3-BF4B-00C04F79EFBC}") = "SciApp.Desktop", "SciApp.Desktop\SciApp.Desktop.csproj", "{099204B2-3DAD-4B8C-BC4D-463741099B9E}"
EndProject
Project("{FAE04EC0-301F-11D3-BF4B-00C04F79EFBC}") = "SciApp.Web", "SciApp.Web\SciApp.Web.csproj", "{E5972BCD-6D3C-42DE-BBCB-271E9A4DB8DF}"
EndProject
Project("{2150E333-8FDC-42A3-9474-1A3956D46DE8}") = "Solution Items", "Solution Items", "{26715C5C-0BCE-416D-81DA-5617B10F4DDE}"
	ProjectSection(SolutionItems) = preProject
		.gitignore = .gitignore
		README.md = README.md
	EndProjectSection
EndProject
Project("{FAE04EC0-301F-11D3-BF4B-00C04F79EFBC}") = "SciApp.Core", "SciApp.Core\SciApp.Core.csproj", "{80DE8DB1-EB47-4A93-94D0-6441FE524FE3}"
EndProject
Project("{FAE04EC0-301F-11D3-BF4B-00C04F79EFBC}") = "SciApp.CommandLine", "SciApp.CommandLine\SciApp.CommandLine.csproj", "{93787762-6894-410E-B349-9D469719DB8C}"
EndProject
Project("{FAE04EC0-301F-11D3-BF4B-00C04F79EFBC}") = "SciApp.Core.Test", "Tests\SciApp.Core.Test\SciApp.Core.Test.csproj", "{7F23A961-2282-4E7E-AE4A-C35FA42A9683}"
EndProject
Project("{2150E333-8FDC-42A3-9474-1A3956D46DE8}") = "Tests", "Tests", "{08C25A28-D648-43BF-8D3F-D4BED73DD8EB}"
EndProject
Project("{FAE04EC0-301F-11D3-BF4B-00C04F79EFBC}") = "SciApp.Utility.Test", "Tests\SciApp.Utility.Test\SciApp.Utility.Test.csproj", "{73DC1A67-56D5-400E-B8AB-C37AA083A8CD}"
EndProject
Project("{FAE04EC0-301F-11D3-BF4B-00C04F79EFBC}") = "SciApp.Web.Test", "Tests\SciApp.Web.Test\SciApp.Web.Test.csproj", "{12FF5FDC-25EB-4C80-A459-19C7F0F93C39}"
EndProject
Global
	GlobalSection(SolutionConfigurationPlatforms) = preSolution
		Debug|Any CPU = Debug|Any CPU
		Release|Any CPU = Release|Any CPU
	EndGlobalSection
	GlobalSection(ProjectConfigurationPlatforms) = postSolution
		{099204B2-3DAD-4B8C-BC4D-463741099B9E}.Debug|Any CPU.ActiveCfg = Debug|Any CPU
		{099204B2-3DAD-4B8C-BC4D-463741099B9E}.Debug|Any CPU.Build.0 = Debug|Any CPU
		{099204B2-3DAD-4B8C-BC4D-463741099B9E}.Release|Any CPU.ActiveCfg = Release|Any CPU
		{099204B2-3DAD-4B8C-BC4D-463741099B9E}.Release|Any CPU.Build.0 = Release|Any CPU
		{E5972BCD-6D3C-42DE-BBCB-271E9A4DB8DF}.Debug|Any CPU.ActiveCfg = Debug|Any CPU
		{E5972BCD-6D3C-42DE-BBCB-271E9A4DB8DF}.Debug|Any CPU.Build.0 = Debug|Any CPU
		{E5972BCD-6D3C-42DE-BBCB-271E9A4DB8DF}.Release|Any CPU.ActiveCfg = Release|Any CPU
		{E5972BCD-6D3C-42DE-BBCB-271E9A4DB8DF}.Release|Any CPU.Build.0 = Release|Any CPU
		{80DE8DB1-EB47-4A93-94D0-6441FE524FE3}.Debug|Any CPU.ActiveCfg = Debug|Any CPU
		{80DE8DB1-EB47-4A93-94D0-6441FE524FE3}.Debug|Any CPU.Build.0 = Debug|Any CPU
		{80DE8DB1-EB47-4A93-94D0-6441FE524FE3}.Release|Any CPU.ActiveCfg = Release|Any CPU
		{80DE8DB1-EB47-4A93-94D0-6441FE524FE3}.Release|Any CPU.Build.0 = Release|Any CPU
		{93787762-6894-410E-B349-9D469719DB8C}.Debug|Any CPU.ActiveCfg = Debug|Any CPU
		{93787762-6894-410E-B349-9D469719DB8C}.Debug|Any CPU.Build.0 = Debug|Any CPU
		{93787762-6894-410E-B349-9D469719DB8C}.Release|Any CPU.ActiveCfg = Release|Any CPU
		{93787762-6894-410E-B349-9D469719DB8C}.Release|Any CPU.Build.0 = Release|Any CPU
		{7F23A961-2282-4E7E-AE4A-C35FA42A9683}.Debug|Any CPU.ActiveCfg = Debug|Any CPU
		{7F23A961-2282-4E7E-AE4A-C35FA42A9683}.Debug|Any CPU.Build.0 = Debug|Any CPU
		{7F23A961-2282-4E7E-AE4A-C35FA42A9683}.Release|Any CPU.ActiveCfg = Release|Any CPU
		{7F23A961-2282-4E7E-AE4A-C35FA42A9683}.Release|Any CPU.Build.0 = Release|Any CPU
		{73DC1A67-56D5-400E-B8AB-C37AA083A8CD}.Debug|Any CPU.ActiveCfg = Debug|Any CPU
		{73DC1A67-56D5-400E-B8AB-C37AA083A8CD}.Debug|Any CPU.Build.0 = Debug|Any CPU
		{73DC1A67-56D5-400E-B8AB-C37AA083A8CD}.Release|Any CPU.ActiveCfg = Release|Any CPU
		{73DC1A67-56D5-400E-B8AB-C37AA083A8CD}.Release|Any CPU.Build.0 = Release|Any CPU
		{12FF5FDC-25EB-4C80-A459-19C7F0F93C39}.Debug|Any CPU.ActiveCfg = Debug|Any CPU
		{12FF5FDC-25EB-4C80-A459-19C7F0F93C39}.Debug|Any CPU.Build.0 = Debug|Any CPU
		{12FF5FDC-25EB-4C80-A459-19C7F0F93C39}.Release|Any CPU.ActiveCfg = Release|Any CPU
		{12FF5FDC-25EB-4C80-A459-19C7F0F93C39}.Release|Any CPU.Build.0 = Release|Any CPU
	EndGlobalSection
	GlobalSection(SolutionProperties) = preSolution
		HideSolutionNode = FALSE
	EndGlobalSection
	GlobalSection(NestedProjects) = preSolution
		{7F23A961-2282-4E7E-AE4A-C35FA42A9683} = {08C25A28-D648-43BF-8D3F-D4BED73DD8EB}
		{73DC1A67-56D5-400E-B8AB-C37AA083A8CD} = {08C25A28-D648-43BF-8D3F-D4BED73DD8EB}
		{12FF5FDC-25EB-4C80-A459-19C7F0F93C39} = {08C25A28-D648-43BF-8D3F-D4BED73DD8EB}
	EndGlobalSection
EndGlobal
