
Microsoft Visual Studio Solution File, Format Version 12.00
# Visual Studio 14
VisualStudioVersion = 14.0.25420.1
MinimumVisualStudioVersion = 10.0.40219.1
Project("{FAE04EC0-301F-11D3-BF4B-00C04F79EFBC}") = "SciApp.Desktop", "SciApp.Desktop\SciApp.Desktop.csproj", "{099204B2-3DAD-4B8C-BC4D-463741099B9E}"
EndProject
Project("{FAE04EC0-301F-11D3-BF4B-00C04F79EFBC}") = "SciApp.Web", "SciApp.Web\SciApp.Web.csproj", "{E5972BCD-6D3C-42DE-BBCB-271E9A4DB8DF}"
EndProject
Project("{2150E333-8FDC-42A3-9474-1A3956D46DE8}") = "Solution Items", "Solution Items", "{26715C5C-0BCE-416D-81DA-5617B10F4DDE}"
	ProjectSection(SolutionItems) = preProject
		.gitignore = .gitignore
		config.runsettings = config.runsettings
		config.testsettings = config.testsettings
		README.md = README.md
	EndProjectSection
EndProject
Project("{FAE04EC0-301F-11D3-BF4B-00C04F79EFBC}") = "SciApp.Core", "SciApp.Core\SciApp.Core.csproj", "{80DE8DB1-EB47-4A93-94D0-6441FE524FE3}"
EndProject
Project("{FAE04EC0-301F-11D3-BF4B-00C04F79EFBC}") = "SciApp.CommandLine", "SciApp.CommandLine\SciApp.CommandLine.csproj", "{93787762-6894-410E-B349-9D469719DB8C}"
EndProject
Project("{2150E333-8FDC-42A3-9474-1A3956D46DE8}") = "Tests", "Tests", "{08C25A28-D648-43BF-8D3F-D4BED73DD8EB}"
EndProject
Project("{FAE04EC0-301F-11D3-BF4B-00C04F79EFBC}") = "SciApp.Utility.Test", "Tests\SciApp.Utility.Test\SciApp.Utility.Test.csproj", "{73DC1A67-56D5-400E-B8AB-C37AA083A8CD}"
EndProject
Project("{FAE04EC0-301F-11D3-BF4B-00C04F79EFBC}") = "SciApp.Web.Test", "Tests\SciApp.Web.Test\SciApp.Web.Test.csproj", "{12FF5FDC-25EB-4C80-A459-19C7F0F93C39}"
EndProject
Project("{2150E333-8FDC-42A3-9474-1A3956D46DE8}") = "InterationTests", "InterationTests", "{5C75170D-7AE2-4609-A53C-0E206A37679B}"
EndProject
Project("{FAE04EC0-301F-11D3-BF4B-00C04F79EFBC}") = "SciApp.Web.IntegrationTest", "Tests\SciApp.Web.IntegrationTest\SciApp.Web.IntegrationTest.csproj", "{E877945E-C8F5-4951-9161-5666371315E9}"
EndProject
Project("{FAE04EC0-301F-11D3-BF4B-00C04F79EFBC}") = "SciApp.Utility", "SciApp.Utility\SciApp.Utility.csproj", "{453993B2-9A1A-4BD2-B726-0E8A2B773A71}"
EndProject
Project("{8BC9CEB8-8B4A-11D0-8D11-00A0C91BC942}") = "SciApp.SimpleCom", "SciApp.SimpleCom\SciApp.SimpleCom.vcxproj", "{BFBE9AB4-F5BA-4271-ADAD-8DF52E7FA73F}"
EndProject
Project("{FAE04EC0-301F-11D3-BF4B-00C04F79EFBC}") = "SciApp.SimpleCom.Api", "SciApp.SimpleCom.Api\SciApp.SimpleCom.Api.csproj", "{4E1FA421-C8CA-48B7-976C-D18A86368190}"
EndProject
Project("{FAE04EC0-301F-11D3-BF4B-00C04F79EFBC}") = "SciApp.SimpleCom.Api.Test", "Tests\SciApp.SimpleCom.Api.Test\SciApp.SimpleCom.Api.Test.csproj", "{8DDEAB51-737C-4BD0-9F8E-9386408C1433}"
EndProject
Project("{FAE04EC0-301F-11D3-BF4B-00C04F79EFBC}") = "SciApp.MsTest", "Tests\SciApp.MsTest\SciApp.MsTest.csproj", "{78324C14-0150-4C00-8FE5-B77352BBB64B}"
EndProject
Global
	GlobalSection(SolutionConfigurationPlatforms) = preSolution
		Debug|Any CPU = Debug|Any CPU
		Debug|x64 = Debug|x64
		Debug|x86 = Debug|x86
		Release|Any CPU = Release|Any CPU
		Release|x64 = Release|x64
		Release|x86 = Release|x86
	EndGlobalSection
	GlobalSection(ProjectConfigurationPlatforms) = postSolution
		{099204B2-3DAD-4B8C-BC4D-463741099B9E}.Debug|Any CPU.ActiveCfg = Debug|Any CPU
		{099204B2-3DAD-4B8C-BC4D-463741099B9E}.Debug|Any CPU.Build.0 = Debug|Any CPU
		{099204B2-3DAD-4B8C-BC4D-463741099B9E}.Debug|x64.ActiveCfg = Debug|Any CPU
		{099204B2-3DAD-4B8C-BC4D-463741099B9E}.Debug|x64.Build.0 = Debug|Any CPU
		{099204B2-3DAD-4B8C-BC4D-463741099B9E}.Debug|x86.ActiveCfg = Debug|Any CPU
		{099204B2-3DAD-4B8C-BC4D-463741099B9E}.Debug|x86.Build.0 = Debug|Any CPU
		{099204B2-3DAD-4B8C-BC4D-463741099B9E}.Release|Any CPU.ActiveCfg = Release|Any CPU
		{099204B2-3DAD-4B8C-BC4D-463741099B9E}.Release|Any CPU.Build.0 = Release|Any CPU
		{099204B2-3DAD-4B8C-BC4D-463741099B9E}.Release|x64.ActiveCfg = Release|Any CPU
		{099204B2-3DAD-4B8C-BC4D-463741099B9E}.Release|x64.Build.0 = Release|Any CPU
		{099204B2-3DAD-4B8C-BC4D-463741099B9E}.Release|x86.ActiveCfg = Release|Any CPU
		{099204B2-3DAD-4B8C-BC4D-463741099B9E}.Release|x86.Build.0 = Release|Any CPU
		{E5972BCD-6D3C-42DE-BBCB-271E9A4DB8DF}.Debug|Any CPU.ActiveCfg = Debug|Any CPU
		{E5972BCD-6D3C-42DE-BBCB-271E9A4DB8DF}.Debug|Any CPU.Build.0 = Debug|Any CPU
		{E5972BCD-6D3C-42DE-BBCB-271E9A4DB8DF}.Debug|x64.ActiveCfg = Debug|Any CPU
		{E5972BCD-6D3C-42DE-BBCB-271E9A4DB8DF}.Debug|x64.Build.0 = Debug|Any CPU
		{E5972BCD-6D3C-42DE-BBCB-271E9A4DB8DF}.Debug|x86.ActiveCfg = Debug|Any CPU
		{E5972BCD-6D3C-42DE-BBCB-271E9A4DB8DF}.Debug|x86.Build.0 = Debug|Any CPU
		{E5972BCD-6D3C-42DE-BBCB-271E9A4DB8DF}.Release|Any CPU.ActiveCfg = Release|Any CPU
		{E5972BCD-6D3C-42DE-BBCB-271E9A4DB8DF}.Release|Any CPU.Build.0 = Release|Any CPU
		{E5972BCD-6D3C-42DE-BBCB-271E9A4DB8DF}.Release|x64.ActiveCfg = Release|Any CPU
		{E5972BCD-6D3C-42DE-BBCB-271E9A4DB8DF}.Release|x64.Build.0 = Release|Any CPU
		{E5972BCD-6D3C-42DE-BBCB-271E9A4DB8DF}.Release|x86.ActiveCfg = Release|Any CPU
		{E5972BCD-6D3C-42DE-BBCB-271E9A4DB8DF}.Release|x86.Build.0 = Release|Any CPU
		{80DE8DB1-EB47-4A93-94D0-6441FE524FE3}.Debug|Any CPU.ActiveCfg = Debug|Any CPU
		{80DE8DB1-EB47-4A93-94D0-6441FE524FE3}.Debug|Any CPU.Build.0 = Debug|Any CPU
		{80DE8DB1-EB47-4A93-94D0-6441FE524FE3}.Debug|x64.ActiveCfg = Debug|Any CPU
		{80DE8DB1-EB47-4A93-94D0-6441FE524FE3}.Debug|x64.Build.0 = Debug|Any CPU
		{80DE8DB1-EB47-4A93-94D0-6441FE524FE3}.Debug|x86.ActiveCfg = Debug|Any CPU
		{80DE8DB1-EB47-4A93-94D0-6441FE524FE3}.Debug|x86.Build.0 = Debug|Any CPU
		{80DE8DB1-EB47-4A93-94D0-6441FE524FE3}.Release|Any CPU.ActiveCfg = Release|Any CPU
		{80DE8DB1-EB47-4A93-94D0-6441FE524FE3}.Release|Any CPU.Build.0 = Release|Any CPU
		{80DE8DB1-EB47-4A93-94D0-6441FE524FE3}.Release|x64.ActiveCfg = Release|Any CPU
		{80DE8DB1-EB47-4A93-94D0-6441FE524FE3}.Release|x64.Build.0 = Release|Any CPU
		{80DE8DB1-EB47-4A93-94D0-6441FE524FE3}.Release|x86.ActiveCfg = Release|Any CPU
		{80DE8DB1-EB47-4A93-94D0-6441FE524FE3}.Release|x86.Build.0 = Release|Any CPU
		{93787762-6894-410E-B349-9D469719DB8C}.Debug|Any CPU.ActiveCfg = Debug|Any CPU
		{93787762-6894-410E-B349-9D469719DB8C}.Debug|Any CPU.Build.0 = Debug|Any CPU
		{93787762-6894-410E-B349-9D469719DB8C}.Debug|x64.ActiveCfg = Debug|Any CPU
		{93787762-6894-410E-B349-9D469719DB8C}.Debug|x64.Build.0 = Debug|Any CPU
		{93787762-6894-410E-B349-9D469719DB8C}.Debug|x86.ActiveCfg = Debug|Any CPU
		{93787762-6894-410E-B349-9D469719DB8C}.Debug|x86.Build.0 = Debug|Any CPU
		{93787762-6894-410E-B349-9D469719DB8C}.Release|Any CPU.ActiveCfg = Release|Any CPU
		{93787762-6894-410E-B349-9D469719DB8C}.Release|Any CPU.Build.0 = Release|Any CPU
		{93787762-6894-410E-B349-9D469719DB8C}.Release|x64.ActiveCfg = Release|Any CPU
		{93787762-6894-410E-B349-9D469719DB8C}.Release|x64.Build.0 = Release|Any CPU
		{93787762-6894-410E-B349-9D469719DB8C}.Release|x86.ActiveCfg = Release|Any CPU
		{93787762-6894-410E-B349-9D469719DB8C}.Release|x86.Build.0 = Release|Any CPU
		{73DC1A67-56D5-400E-B8AB-C37AA083A8CD}.Debug|Any CPU.ActiveCfg = Debug|Any CPU
		{73DC1A67-56D5-400E-B8AB-C37AA083A8CD}.Debug|Any CPU.Build.0 = Debug|Any CPU
		{73DC1A67-56D5-400E-B8AB-C37AA083A8CD}.Debug|x64.ActiveCfg = Debug|Any CPU
		{73DC1A67-56D5-400E-B8AB-C37AA083A8CD}.Debug|x64.Build.0 = Debug|Any CPU
		{73DC1A67-56D5-400E-B8AB-C37AA083A8CD}.Debug|x86.ActiveCfg = Debug|Any CPU
		{73DC1A67-56D5-400E-B8AB-C37AA083A8CD}.Debug|x86.Build.0 = Debug|Any CPU
		{73DC1A67-56D5-400E-B8AB-C37AA083A8CD}.Release|Any CPU.ActiveCfg = Release|Any CPU
		{73DC1A67-56D5-400E-B8AB-C37AA083A8CD}.Release|Any CPU.Build.0 = Release|Any CPU
		{73DC1A67-56D5-400E-B8AB-C37AA083A8CD}.Release|x64.ActiveCfg = Release|Any CPU
		{73DC1A67-56D5-400E-B8AB-C37AA083A8CD}.Release|x64.Build.0 = Release|Any CPU
		{73DC1A67-56D5-400E-B8AB-C37AA083A8CD}.Release|x86.ActiveCfg = Release|Any CPU
		{73DC1A67-56D5-400E-B8AB-C37AA083A8CD}.Release|x86.Build.0 = Release|Any CPU
		{12FF5FDC-25EB-4C80-A459-19C7F0F93C39}.Debug|Any CPU.ActiveCfg = Debug|Any CPU
		{12FF5FDC-25EB-4C80-A459-19C7F0F93C39}.Debug|Any CPU.Build.0 = Debug|Any CPU
		{12FF5FDC-25EB-4C80-A459-19C7F0F93C39}.Debug|x64.ActiveCfg = Debug|Any CPU
		{12FF5FDC-25EB-4C80-A459-19C7F0F93C39}.Debug|x64.Build.0 = Debug|Any CPU
		{12FF5FDC-25EB-4C80-A459-19C7F0F93C39}.Debug|x86.ActiveCfg = Debug|Any CPU
		{12FF5FDC-25EB-4C80-A459-19C7F0F93C39}.Debug|x86.Build.0 = Debug|Any CPU
		{12FF5FDC-25EB-4C80-A459-19C7F0F93C39}.Release|Any CPU.ActiveCfg = Release|Any CPU
		{12FF5FDC-25EB-4C80-A459-19C7F0F93C39}.Release|Any CPU.Build.0 = Release|Any CPU
		{12FF5FDC-25EB-4C80-A459-19C7F0F93C39}.Release|x64.ActiveCfg = Release|Any CPU
		{12FF5FDC-25EB-4C80-A459-19C7F0F93C39}.Release|x64.Build.0 = Release|Any CPU
		{12FF5FDC-25EB-4C80-A459-19C7F0F93C39}.Release|x86.ActiveCfg = Release|Any CPU
		{12FF5FDC-25EB-4C80-A459-19C7F0F93C39}.Release|x86.Build.0 = Release|Any CPU
		{E877945E-C8F5-4951-9161-5666371315E9}.Debug|Any CPU.ActiveCfg = Debug|Any CPU
		{E877945E-C8F5-4951-9161-5666371315E9}.Debug|Any CPU.Build.0 = Debug|Any CPU
		{E877945E-C8F5-4951-9161-5666371315E9}.Debug|x64.ActiveCfg = Debug|Any CPU
		{E877945E-C8F5-4951-9161-5666371315E9}.Debug|x64.Build.0 = Debug|Any CPU
		{E877945E-C8F5-4951-9161-5666371315E9}.Debug|x86.ActiveCfg = Debug|Any CPU
		{E877945E-C8F5-4951-9161-5666371315E9}.Debug|x86.Build.0 = Debug|Any CPU
		{E877945E-C8F5-4951-9161-5666371315E9}.Release|Any CPU.ActiveCfg = Release|Any CPU
		{E877945E-C8F5-4951-9161-5666371315E9}.Release|Any CPU.Build.0 = Release|Any CPU
		{E877945E-C8F5-4951-9161-5666371315E9}.Release|x64.ActiveCfg = Release|Any CPU
		{E877945E-C8F5-4951-9161-5666371315E9}.Release|x64.Build.0 = Release|Any CPU
		{E877945E-C8F5-4951-9161-5666371315E9}.Release|x86.ActiveCfg = Release|Any CPU
		{E877945E-C8F5-4951-9161-5666371315E9}.Release|x86.Build.0 = Release|Any CPU
		{453993B2-9A1A-4BD2-B726-0E8A2B773A71}.Debug|Any CPU.ActiveCfg = Debug|Any CPU
		{453993B2-9A1A-4BD2-B726-0E8A2B773A71}.Debug|Any CPU.Build.0 = Debug|Any CPU
		{453993B2-9A1A-4BD2-B726-0E8A2B773A71}.Debug|x64.ActiveCfg = Debug|Any CPU
		{453993B2-9A1A-4BD2-B726-0E8A2B773A71}.Debug|x64.Build.0 = Debug|Any CPU
		{453993B2-9A1A-4BD2-B726-0E8A2B773A71}.Debug|x86.ActiveCfg = Debug|Any CPU
		{453993B2-9A1A-4BD2-B726-0E8A2B773A71}.Debug|x86.Build.0 = Debug|Any CPU
		{453993B2-9A1A-4BD2-B726-0E8A2B773A71}.Release|Any CPU.ActiveCfg = Release|Any CPU
		{453993B2-9A1A-4BD2-B726-0E8A2B773A71}.Release|Any CPU.Build.0 = Release|Any CPU
		{453993B2-9A1A-4BD2-B726-0E8A2B773A71}.Release|x64.ActiveCfg = Release|Any CPU
		{453993B2-9A1A-4BD2-B726-0E8A2B773A71}.Release|x64.Build.0 = Release|Any CPU
		{453993B2-9A1A-4BD2-B726-0E8A2B773A71}.Release|x86.ActiveCfg = Release|Any CPU
		{453993B2-9A1A-4BD2-B726-0E8A2B773A71}.Release|x86.Build.0 = Release|Any CPU
		{BFBE9AB4-F5BA-4271-ADAD-8DF52E7FA73F}.Debug|Any CPU.ActiveCfg = Debug|x64
		{BFBE9AB4-F5BA-4271-ADAD-8DF52E7FA73F}.Debug|Any CPU.Build.0 = Debug|x64
		{BFBE9AB4-F5BA-4271-ADAD-8DF52E7FA73F}.Debug|x64.ActiveCfg = Debug|x64
		{BFBE9AB4-F5BA-4271-ADAD-8DF52E7FA73F}.Debug|x64.Build.0 = Debug|x64
		{BFBE9AB4-F5BA-4271-ADAD-8DF52E7FA73F}.Debug|x86.ActiveCfg = Debug|Win32
		{BFBE9AB4-F5BA-4271-ADAD-8DF52E7FA73F}.Debug|x86.Build.0 = Debug|Win32
		{BFBE9AB4-F5BA-4271-ADAD-8DF52E7FA73F}.Release|Any CPU.ActiveCfg = Release|Win32
		{BFBE9AB4-F5BA-4271-ADAD-8DF52E7FA73F}.Release|x64.ActiveCfg = Release|x64
		{BFBE9AB4-F5BA-4271-ADAD-8DF52E7FA73F}.Release|x64.Build.0 = Release|x64
		{BFBE9AB4-F5BA-4271-ADAD-8DF52E7FA73F}.Release|x86.ActiveCfg = Release|Win32
		{BFBE9AB4-F5BA-4271-ADAD-8DF52E7FA73F}.Release|x86.Build.0 = Release|Win32
		{4E1FA421-C8CA-48B7-976C-D18A86368190}.Debug|Any CPU.ActiveCfg = Debug|Any CPU
		{4E1FA421-C8CA-48B7-976C-D18A86368190}.Debug|Any CPU.Build.0 = Debug|Any CPU
		{4E1FA421-C8CA-48B7-976C-D18A86368190}.Debug|x64.ActiveCfg = Debug|Any CPU
		{4E1FA421-C8CA-48B7-976C-D18A86368190}.Debug|x64.Build.0 = Debug|Any CPU
		{4E1FA421-C8CA-48B7-976C-D18A86368190}.Debug|x86.ActiveCfg = Debug|Any CPU
		{4E1FA421-C8CA-48B7-976C-D18A86368190}.Debug|x86.Build.0 = Debug|Any CPU
		{4E1FA421-C8CA-48B7-976C-D18A86368190}.Release|Any CPU.ActiveCfg = Release|Any CPU
		{4E1FA421-C8CA-48B7-976C-D18A86368190}.Release|Any CPU.Build.0 = Release|Any CPU
		{4E1FA421-C8CA-48B7-976C-D18A86368190}.Release|x64.ActiveCfg = Release|Any CPU
		{4E1FA421-C8CA-48B7-976C-D18A86368190}.Release|x64.Build.0 = Release|Any CPU
		{4E1FA421-C8CA-48B7-976C-D18A86368190}.Release|x86.ActiveCfg = Release|Any CPU
		{4E1FA421-C8CA-48B7-976C-D18A86368190}.Release|x86.Build.0 = Release|Any CPU
		{8DDEAB51-737C-4BD0-9F8E-9386408C1433}.Debug|Any CPU.ActiveCfg = Debug|Any CPU
		{8DDEAB51-737C-4BD0-9F8E-9386408C1433}.Debug|Any CPU.Build.0 = Debug|Any CPU
		{8DDEAB51-737C-4BD0-9F8E-9386408C1433}.Debug|x64.ActiveCfg = Debug|Any CPU
		{8DDEAB51-737C-4BD0-9F8E-9386408C1433}.Debug|x64.Build.0 = Debug|Any CPU
		{8DDEAB51-737C-4BD0-9F8E-9386408C1433}.Debug|x86.ActiveCfg = Debug|Any CPU
		{8DDEAB51-737C-4BD0-9F8E-9386408C1433}.Debug|x86.Build.0 = Debug|Any CPU
		{8DDEAB51-737C-4BD0-9F8E-9386408C1433}.Release|Any CPU.ActiveCfg = Release|Any CPU
		{8DDEAB51-737C-4BD0-9F8E-9386408C1433}.Release|Any CPU.Build.0 = Release|Any CPU
		{8DDEAB51-737C-4BD0-9F8E-9386408C1433}.Release|x64.ActiveCfg = Release|Any CPU
		{8DDEAB51-737C-4BD0-9F8E-9386408C1433}.Release|x64.Build.0 = Release|Any CPU
		{8DDEAB51-737C-4BD0-9F8E-9386408C1433}.Release|x86.ActiveCfg = Release|Any CPU
		{8DDEAB51-737C-4BD0-9F8E-9386408C1433}.Release|x86.Build.0 = Release|Any CPU
		{78324C14-0150-4C00-8FE5-B77352BBB64B}.Debug|Any CPU.ActiveCfg = Debug|Any CPU
		{78324C14-0150-4C00-8FE5-B77352BBB64B}.Debug|Any CPU.Build.0 = Debug|Any CPU
		{78324C14-0150-4C00-8FE5-B77352BBB64B}.Debug|x64.ActiveCfg = Debug|Any CPU
		{78324C14-0150-4C00-8FE5-B77352BBB64B}.Debug|x64.Build.0 = Debug|Any CPU
		{78324C14-0150-4C00-8FE5-B77352BBB64B}.Debug|x86.ActiveCfg = Debug|Any CPU
		{78324C14-0150-4C00-8FE5-B77352BBB64B}.Debug|x86.Build.0 = Debug|Any CPU
		{78324C14-0150-4C00-8FE5-B77352BBB64B}.Release|Any CPU.ActiveCfg = Release|Any CPU
		{78324C14-0150-4C00-8FE5-B77352BBB64B}.Release|Any CPU.Build.0 = Release|Any CPU
		{78324C14-0150-4C00-8FE5-B77352BBB64B}.Release|x64.ActiveCfg = Release|Any CPU
		{78324C14-0150-4C00-8FE5-B77352BBB64B}.Release|x64.Build.0 = Release|Any CPU
		{78324C14-0150-4C00-8FE5-B77352BBB64B}.Release|x86.ActiveCfg = Release|Any CPU
		{78324C14-0150-4C00-8FE5-B77352BBB64B}.Release|x86.Build.0 = Release|Any CPU
	EndGlobalSection
	GlobalSection(SolutionProperties) = preSolution
		HideSolutionNode = FALSE
	EndGlobalSection
	GlobalSection(NestedProjects) = preSolution
		{73DC1A67-56D5-400E-B8AB-C37AA083A8CD} = {08C25A28-D648-43BF-8D3F-D4BED73DD8EB}
		{12FF5FDC-25EB-4C80-A459-19C7F0F93C39} = {08C25A28-D648-43BF-8D3F-D4BED73DD8EB}
		{5C75170D-7AE2-4609-A53C-0E206A37679B} = {26715C5C-0BCE-416D-81DA-5617B10F4DDE}
		{E877945E-C8F5-4951-9161-5666371315E9} = {08C25A28-D648-43BF-8D3F-D4BED73DD8EB}
		{8DDEAB51-737C-4BD0-9F8E-9386408C1433} = {08C25A28-D648-43BF-8D3F-D4BED73DD8EB}
		{78324C14-0150-4C00-8FE5-B77352BBB64B} = {08C25A28-D648-43BF-8D3F-D4BED73DD8EB}
	EndGlobalSection
EndGlobal
